<?xml version="1.0" encoding="utf-8"?>
<Project ToolsVersion="4.0" xmlns="http://schemas.microsoft.com/developer/msbuild/2003">
  <ItemGroup>
    <Filter Include="Quelldateien">
      <UniqueIdentifier>{4FC737F1-C7A5-4376-A066-2A32D752A2FF}</UniqueIdentifier>
      <Extensions>cpp;c;cc;cxx;def;odl;idl;hpj;bat;asm;asmx</Extensions>
    </Filter>
    <Filter Include="Headerdateien">
      <UniqueIdentifier>{93995380-89BD-4b04-88EB-625FBE52EBFB}</UniqueIdentifier>
      <Extensions>h;hh;hpp;hxx;hm;inl;inc;xsd</Extensions>
    </Filter>
    <Filter Include="Ressourcendateien">
      <UniqueIdentifier>{67DA6AB6-F800-4c08-8B7A-83BB121AAD01}</UniqueIdentifier>
      <Extensions>rc;ico;cur;bmp;dlg;rc2;rct;bin;rgs;gif;jpg;jpeg;jpe;resx;tiff;tif;png;wav;mfcribbon-ms</Extensions>
    </Filter>
  </ItemGroup>
  <ItemGroup>
    <ClCompile Include="test.cpp">
      <Filter>Quelldateien</Filter>
    </ClCompile>
    <ClCompile Include="Object.cpp">
      <Filter>Quelldateien</Filter>
    </ClCompile>
    <ClCompile Include="String.cpp">
      <Filter>Quelldateien</Filter>
    </ClCompile>
    <ClCompile Include="DateTime.cpp">
      <Filter>Quelldateien</Filter>
    </ClCompile>
    <ClCompile Include="TimeSpan.cpp">
      <Filter>Quelldateien</Filter>
    </ClCompile>
    <ClCompile Include="Console.cpp">
      <Filter>Quelldateien</Filter>
    </ClCompile>
    <ClCompile Include="Convert.cpp">
      <Filter>Quelldateien</Filter>
    </ClCompile>
    <ClCompile Include="FileStream.cpp">
      <Filter>Quelldateien</Filter>
    </ClCompile>
    <ClCompile Include="File.cpp">
      <Filter>Quelldateien</Filter>
    </ClCompile>
    <ClCompile Include="DataTable.cpp">
      <Filter>Quelldateien</Filter>
    </ClCompile>
    <ClCompile Include="DataColumnCollection.cpp">
      <Filter>Quelldateien</Filter>
    </ClCompile>
    <ClCompile Include="DataRowCollection.cpp">
      <Filter>Quelldateien</Filter>
    </ClCompile>
    <ClCompile Include="DataRow.cpp">
      <Filter>Quelldateien</Filter>
    </ClCompile>
    <ClCompile Include="DataColumn.cpp">
      <Filter>Quelldateien</Filter>
    </ClCompile>
    <ClCompile Include="Boolean.cpp">
      <Filter>Quelldateien</Filter>
    </ClCompile>
    <ClCompile Include="Short.cpp">
      <Filter>Quelldateien</Filter>
    </ClCompile>
    <ClCompile Include="Integer.cpp">
      <Filter>Quelldateien</Filter>
    </ClCompile>
    <ClCompile Include="Long.cpp">
      <Filter>Quelldateien</Filter>
    </ClCompile>
    <ClCompile Include="Float.cpp">
      <Filter>Quelldateien</Filter>
    </ClCompile>
    <ClCompile Include="Double.cpp">
      <Filter>Quelldateien</Filter>
    </ClCompile>
    <ClCompile Include="Type.cpp">
      <Filter>Quelldateien</Filter>
    </ClCompile>
    <ClCompile Include="SqlConnection.cpp">
      <Filter>Quelldateien</Filter>
    </ClCompile>
    <ClCompile Include="SqlCommand.cpp">
      <Filter>Quelldateien</Filter>
    </ClCompile>
    <ClCompile Include="SqlDataReader.cpp">
      <Filter>Quelldateien</Filter>
    </ClCompile>
    <ClCompile Include="MySqlConnection.cpp">
      <Filter>Quelldateien</Filter>
    </ClCompile>
    <ClCompile Include="MySqlCommand.cpp">
      <Filter>Quelldateien</Filter>
    </ClCompile>
    <ClCompile Include="SqlParameter.cpp">
      <Filter>Quelldateien</Filter>
    </ClCompile>
    <ClCompile Include="MySqlDataReader.cpp">
      <Filter>Quelldateien</Filter>
    </ClCompile>
    <ClCompile Include="MySqlDataAdapter.cpp">
      <Filter>Quelldateien</Filter>
    </ClCompile>
    <ClCompile Include="MySqlParameterCollection.cpp">
      <Filter>Quelldateien</Filter>
    </ClCompile>
    <ClCompile Include="MySqlParameter.cpp">
      <Filter>Quelldateien</Filter>
    </ClCompile>
    <ClCompile Include="Decimal.cpp">
      <Filter>Quelldateien</Filter>
    </ClCompile>
    <ClCompile Include="ULong.cpp">
      <Filter>Quelldateien</Filter>
    </ClCompile>
    <ClCompile Include="LongLong.cpp">
      <Filter>Quelldateien</Filter>
    </ClCompile>
    <ClCompile Include="List.cpp">
      <Filter>Quelldateien</Filter>
    </ClCompile>
    <ClCompile Include="Socket.cpp">
      <Filter>Quelldateien</Filter>
    </ClCompile>
    <ClCompile Include="EndPoint.cpp">
      <Filter>Quelldateien</Filter>
    </ClCompile>
    <ClCompile Include="IPEndPoint.cpp">
      <Filter>Quelldateien</Filter>
    </ClCompile>
    <ClCompile Include="IPAddress.cpp">
      <Filter>Quelldateien</Filter>
    </ClCompile>
    <ClCompile Include="TcpClient.cpp">
      <Filter>Quelldateien</Filter>
    </ClCompile>
    <ClCompile Include="LingerOption.cpp">
      <Filter>Quelldateien</Filter>
    </ClCompile>
    <ClCompile Include="NetworkStream.cpp">
      <Filter>Quelldateien</Filter>
    </ClCompile>
    <ClCompile Include="TcpListener.cpp">
      <Filter>Quelldateien</Filter>
    </ClCompile>
    <ClCompile Include="Serializable.cpp">
      <Filter>Quelldateien</Filter>
    </ClCompile>
    <ClCompile Include="TestDataClass.cpp">
      <Filter>Quelldateien</Filter>
    </ClCompile>
    <ClCompile Include="XmlSerializer.cpp">
      <Filter>Quelldateien</Filter>
    </ClCompile>
    <ClCompile Include="JsonSerializer.cpp">
      <Filter>Quelldateien</Filter>
    </ClCompile>
    <ClCompile Include="CsvSerializer.cpp">
      <Filter>Quelldateien</Filter>
    </ClCompile>
    <ClCompile Include="TestSqlClass.cpp">
      <Filter>Quelldateien</Filter>
    </ClCompile>
  </ItemGroup>
  <ItemGroup>
    <ClInclude Include="Object.h">
      <Filter>Headerdateien</Filter>
    </ClInclude>
    <ClInclude Include="String.h">
      <Filter>Headerdateien</Filter>
    </ClInclude>
    <ClInclude Include="DateTime.h">
      <Filter>Headerdateien</Filter>
    </ClInclude>
    <ClInclude Include="TimeSpan.h">
      <Filter>Headerdateien</Filter>
    </ClInclude>
    <ClInclude Include="Console.h">
      <Filter>Headerdateien</Filter>
    </ClInclude>
    <ClInclude Include="Convert.h">
      <Filter>Headerdateien</Filter>
    </ClInclude>
    <ClInclude Include="FileStream.h">
      <Filter>Headerdateien</Filter>
    </ClInclude>
    <ClInclude Include="File.h">
      <Filter>Headerdateien</Filter>
    </ClInclude>
    <ClInclude Include="FileTools.h">
      <Filter>Headerdateien</Filter>
    </ClInclude>
    <ClInclude Include="DataTable.h">
      <Filter>Headerdateien</Filter>
    </ClInclude>
    <ClInclude Include="DataColumnCollection.h">
      <Filter>Headerdateien</Filter>
    </ClInclude>
    <ClInclude Include="DataRowCollection.h">
      <Filter>Headerdateien</Filter>
    </ClInclude>
    <ClInclude Include="DataRow.h">
      <Filter>Headerdateien</Filter>
    </ClInclude>
    <ClInclude Include="DataColumn.h">
      <Filter>Headerdateien</Filter>
    </ClInclude>
    <ClInclude Include="Boolean.h">
      <Filter>Headerdateien</Filter>
    </ClInclude>
    <ClInclude Include="Short.h">
      <Filter>Headerdateien</Filter>
    </ClInclude>
    <ClInclude Include="Integer.h">
      <Filter>Headerdateien</Filter>
    </ClInclude>
    <ClInclude Include="Long.h">
      <Filter>Headerdateien</Filter>
    </ClInclude>
    <ClInclude Include="Float.h">
      <Filter>Headerdateien</Filter>
    </ClInclude>
    <ClInclude Include="Double.h">
      <Filter>Headerdateien</Filter>
    </ClInclude>
    <ClInclude Include="Type.h">
      <Filter>Headerdateien</Filter>
    </ClInclude>
    <ClInclude Include="SqlConnection.h">
      <Filter>Headerdateien</Filter>
    </ClInclude>
    <ClInclude Include="SqlCommand.h">
      <Filter>Headerdateien</Filter>
    </ClInclude>
    <ClInclude Include="SqlDataReader.h">
      <Filter>Headerdateien</Filter>
    </ClInclude>
    <ClInclude Include="MySqlConnection.h">
      <Filter>Headerdateien</Filter>
    </ClInclude>
    <ClInclude Include="MySqlCommand.h">
      <Filter>Headerdateien</Filter>
    </ClInclude>
    <ClInclude Include="SqlParameter.h">
      <Filter>Headerdateien</Filter>
    </ClInclude>
    <ClInclude Include="MySqlDataReader.h">
      <Filter>Headerdateien</Filter>
    </ClInclude>
    <ClInclude Include="MySqlDataAdapter.h">
      <Filter>Headerdateien</Filter>
    </ClInclude>
    <ClInclude Include="MySqlParameterCollection.h">
      <Filter>Headerdateien</Filter>
    </ClInclude>
    <ClInclude Include="MySqlParameter.h">
      <Filter>Headerdateien</Filter>
    </ClInclude>
    <ClInclude Include="MySqlDbTypes.h">
      <Filter>Headerdateien</Filter>
    </ClInclude>
    <ClInclude Include="Decimal.h">
      <Filter>Headerdateien</Filter>
    </ClInclude>
    <ClInclude Include="ULong.h">
      <Filter>Headerdateien</Filter>
    </ClInclude>
    <ClInclude Include="LongLong.h">
      <Filter>Headerdateien</Filter>
    </ClInclude>
    <ClInclude Include="List.h">
      <Filter>Headerdateien</Filter>
    </ClInclude>
    <ClInclude Include="Socket.h">
      <Filter>Headerdateien</Filter>
    </ClInclude>
    <ClInclude Include="EndPoint.h">
      <Filter>Headerdateien</Filter>
    </ClInclude>
    <ClInclude Include="AddressFamily.h">
      <Filter>Headerdateien</Filter>
    </ClInclude>
    <ClInclude Include="IPEndPoint.h">
      <Filter>Headerdateien</Filter>
    </ClInclude>
    <ClInclude Include="IPAddress.h">
      <Filter>Headerdateien</Filter>
    </ClInclude>
    <ClInclude Include="SocketType.h">
      <Filter>Headerdateien</Filter>
    </ClInclude>
    <ClInclude Include="ProtocolType.h">
      <Filter>Headerdateien</Filter>
    </ClInclude>
    <ClInclude Include="SocketFlags.h">
      <Filter>Headerdateien</Filter>
    </ClInclude>
    <ClInclude Include="TcpClient.h">
      <Filter>Headerdateien</Filter>
    </ClInclude>
    <ClInclude Include="LingerOption.h">
      <Filter>Headerdateien</Filter>
    </ClInclude>
    <ClInclude Include="NetworkStream.h">
      <Filter>Headerdateien</Filter>
    </ClInclude>
    <ClInclude Include="TcpListener.h">
      <Filter>Headerdateien</Filter>
    </ClInclude>
    <ClInclude Include="Serializable.h">
      <Filter>Headerdateien</Filter>
    </ClInclude>
    <ClInclude Include="TestDataClass.h">
      <Filter>Headerdateien</Filter>
    </ClInclude>
    <ClInclude Include="Dictionary.h">
      <Filter>Headerdateien</Filter>
    </ClInclude>
    <ClInclude Include="XmlSerializer.h">
      <Filter>Headerdateien</Filter>
    </ClInclude>
    <ClInclude Include="JsonSerializer.h">
      <Filter>Headerdateien</Filter>
    </ClInclude>
    <ClInclude Include="CsvSerializer.h">
      <Filter>Headerdateien</Filter>
    </ClInclude>
    <ClInclude Include="TestSqlClass.h">
      <Filter>Headerdateien</Filter>
    </ClInclude>
  </ItemGroup>
</Project>